<?xml version="1.0" encoding="utf-8"?>
<Project ToolsVersion="4.0" xmlns="http://schemas.microsoft.com/developer/msbuild/2003">
  <ItemGroup>
    <Filter Include="Source Files">
      <UniqueIdentifier>{4FC737F1-C7A5-4376-A066-2A32D752A2FF}</UniqueIdentifier>
      <Extensions>cpp;c;cc;cxx;c++;def;odl;idl;hpj;bat;asm;asmx</Extensions>
    </Filter>
    <Filter Include="Header Files">
      <UniqueIdentifier>{93995380-89BD-4b04-88EB-625FBE52EBFB}</UniqueIdentifier>
      <Extensions>h;hh;hpp;hxx;h++;hm;inl;inc;ipp;xsd</Extensions>
    </Filter>
    <Filter Include="Resource Files">
      <UniqueIdentifier>{67DA6AB6-F800-4c08-8B7A-83BB121AAD01}</UniqueIdentifier>
      <Extensions>rc;ico;cur;bmp;dlg;rc2;rct;bin;rgs;gif;jpg;jpeg;jpe;resx;tiff;tif;png;wav;mfcribbon-ms</Extensions>
    </Filter>
    <Filter Include="Source Files\controll">
      <UniqueIdentifier>{d3b56572-6ede-45f2-b276-fc2ca1244eca}</UniqueIdentifier>
    </Filter>
    <Filter Include="Source Files\Sender">
      <UniqueIdentifier>{4d7121ac-5006-4f1c-b59a-e6db876522d0}</UniqueIdentifier>
    </Filter>
    <Filter Include="Source Files\Reciever">
      <UniqueIdentifier>{38b85065-8d0f-40c4-a654-5519c25a9457}</UniqueIdentifier>
    </Filter>
    <Filter Include="Header Files\Headers">
      <UniqueIdentifier>{03ba9e60-7ad5-4712-961d-a924e40b0e99}</UniqueIdentifier>
    </Filter>
  </ItemGroup>
  <ItemGroup>
    <ClCompile Include="aplication.cpp">
      <Filter>Source Files</Filter>
    </ClCompile>
    <ClCompile Include="InitControll.cpp">
      <Filter>Source Files\controll</Filter>
    </ClCompile>
    <ClCompile Include="Sender.cpp">
      <Filter>Source Files\Sender</Filter>
    </ClCompile>
    <ClCompile Include="Reciever.cpp">
      <Filter>Source Files\Reciever</Filter>
    </ClCompile>
    <ClCompile Include="Protocol.cpp">
      <Filter>Source Files</Filter>
    </ClCompile>
    <ClCompile Include="crc.cpp">
      <Filter>Source Files\controll</Filter>
    </ClCompile>
  </ItemGroup>
  <ItemGroup>
    <ClInclude Include="InitControll.h">
      <Filter>Header Files\Headers</Filter>
    </ClInclude>
    <ClInclude Include="Sender.h">
      <Filter>Header Files</Filter>
    </ClInclude>
    <ClInclude Include="Reciever.h">
      <Filter>Header Files</Filter>
    </ClInclude>
    <ClInclude Include="Protocol.h">
      <Filter>Header Files</Filter>
    </ClInclude>
    <ClInclude Include="crc.h">
      <Filter>Header Files</Filter>
    </ClInclude>
  </ItemGroup>
</Project>